
Microsoft Visual Studio Solution File, Format Version 12.00
# Visual Studio 15
VisualStudioVersion = 15.0.27130.2010
MinimumVisualStudioVersion = 10.0.40219.1
Project("{FAE04EC0-301F-11D3-BF4B-00C04F79EFBC}") = "BookStore", "BookStore\BookStore.csproj", "{056CFF30-846A-480B-BFFD-E46BA7A8F978}"
EndProject
Global
	GlobalSection(SolutionConfigurationPlatforms) = preSolution
		Debug|Any CPU = Debug|Any CPU
		Release|Any CPU = Release|Any CPU
	EndGlobalSection
	GlobalSection(ProjectConfigurationPlatforms) = postSolution
		{056CFF30-846A-480B-BFFD-E46BA7A8F978}.Debug|Any CPU.ActiveCfg = Debug|Any CPU
		{056CFF30-846A-480B-BFFD-E46BA7A8F978}.Debug|Any CPU.Build.0 = Debug|Any CPU
		{056CFF30-846A-480B-BFFD-E46BA7A8F978}.Release|Any CPU.ActiveCfg = Release|Any CPU
		{056CFF30-846A-480B-BFFD-E46BA7A8F978}.Release|Any CPU.Build.0 = Release|Any CPU
	EndGlobalSection
	GlobalSection(SolutionProperties) = preSolution
		HideSolutionNode = FALSE
	EndGlobalSection
	GlobalSection(ExtensibilityGlobals) = postSolution
		SolutionGuid = {D2961839-FC15-4881-9093-CB345A201AB9}
	EndGlobalSection
EndGlobal
